dependencies:
- name: postgresql
  repository: https://kubernetes-charts.storage.googleapis.com/
  version: 3.9.0
- name: mercure
  repository: https://kubernetes-charts.storage.googleapis.com/
  version: 1.0.10
digest: sha256:752703ad8432a5c0d172f221273bb0bcaf7ba9ebae6e318a4abde35c4311d475
generated: 2019-08-19T22:50:05.0254857+02:00
